
Microsoft Visual Studio Solution File, Format Version 12.00
# Visual Studio 15
VisualStudioVersion = 15.0.27703.2035
MinimumVisualStudioVersion = 10.0.40219.1
Project("{FAE04EC0-301F-11D3-BF4B-00C04F79EFBC}") = "MinApp", "MinApp\MinApp.csproj", "{8CA26FE5-0D2B-482D-8D83-F1A81A05EB9D}"
EndProject
Project("{FAE04EC0-301F-11D3-BF4B-00C04F79EFBC}") = "MinApp.Test", "MinApp.Test\MinApp.Test.csproj", "{9430B175-1C45-47FD-A32B-75BD16C57F9E}"
EndProject
Project("{2150E333-8FDC-42A3-9474-1A3956D46DE8}") = "Demo", "Demo", "{0B6F16B0-1DA2-4066-8275-7C8757AB75D0}"
EndProject
Project("{FAE04EC0-301F-11D3-BF4B-00C04F79EFBC}") = "MinApp.Demo.Backend", "Demo\MinApp.Demo.Backend\MinApp.Demo.Backend.csproj", "{35718AE9-2A8A-468A-B50F-4123B5F6FC28}"
EndProject
Project("{FAE04EC0-301F-11D3-BF4B-00C04F79EFBC}") = "MinApp.Demo.ServerOnly", "Demo\MinApp.Demo.ServerOnly\MinApp.Demo.ServerOnly.csproj", "{3E91E6CB-FCDF-4DFF-AF29-046484E937F9}"
EndProject
Project("{FAE04EC0-301F-11D3-BF4B-00C04F79EFBC}") = "MinApp.Demo.Wpf", "Demo\MinApp.Demo.Wpf\MinApp.Demo.Wpf.csproj", "{32D23F4A-209E-4AAA-B643-8764E4EF8271}"
EndProject
Project("{2150E333-8FDC-42A3-9474-1A3956D46DE8}") = "Solution Items", "Solution Items", "{4B041788-425F-4AA7-8928-621ED154FCAA}"
	ProjectSection(SolutionItems) = preProject
		README.MD = README.MD
	EndProjectSection
EndProject
Global
	GlobalSection(SolutionConfigurationPlatforms) = preSolution
		Debug|Any CPU = Debug|Any CPU
		Release|Any CPU = Release|Any CPU
	EndGlobalSection
	GlobalSection(ProjectConfigurationPlatforms) = postSolution
		{8CA26FE5-0D2B-482D-8D83-F1A81A05EB9D}.Debug|Any CPU.ActiveCfg = Debug|Any CPU
		{8CA26FE5-0D2B-482D-8D83-F1A81A05EB9D}.Debug|Any CPU.Build.0 = Debug|Any CPU
		{8CA26FE5-0D2B-482D-8D83-F1A81A05EB9D}.Release|Any CPU.ActiveCfg = Release|Any CPU
		{8CA26FE5-0D2B-482D-8D83-F1A81A05EB9D}.Release|Any CPU.Build.0 = Release|Any CPU
		{9430B175-1C45-47FD-A32B-75BD16C57F9E}.Debug|Any CPU.ActiveCfg = Debug|Any CPU
		{9430B175-1C45-47FD-A32B-75BD16C57F9E}.Debug|Any CPU.Build.0 = Debug|Any CPU
		{9430B175-1C45-47FD-A32B-75BD16C57F9E}.Release|Any CPU.ActiveCfg = Release|Any CPU
		{9430B175-1C45-47FD-A32B-75BD16C57F9E}.Release|Any CPU.Build.0 = Release|Any CPU
		{35718AE9-2A8A-468A-B50F-4123B5F6FC28}.Debug|Any CPU.ActiveCfg = Debug|Any CPU
		{35718AE9-2A8A-468A-B50F-4123B5F6FC28}.Debug|Any CPU.Build.0 = Debug|Any CPU
		{35718AE9-2A8A-468A-B50F-4123B5F6FC28}.Release|Any CPU.ActiveCfg = Release|Any CPU
		{35718AE9-2A8A-468A-B50F-4123B5F6FC28}.Release|Any CPU.Build.0 = Release|Any CPU
		{3E91E6CB-FCDF-4DFF-AF29-046484E937F9}.Debug|Any CPU.ActiveCfg = Debug|Any CPU
		{3E91E6CB-FCDF-4DFF-AF29-046484E937F9}.Debug|Any CPU.Build.0 = Debug|Any CPU
		{3E91E6CB-FCDF-4DFF-AF29-046484E937F9}.Release|Any CPU.ActiveCfg = Release|Any CPU
		{3E91E6CB-FCDF-4DFF-AF29-046484E937F9}.Release|Any CPU.Build.0 = Release|Any CPU
		{32D23F4A-209E-4AAA-B643-8764E4EF8271}.Debug|Any CPU.ActiveCfg = Debug|Any CPU
		{32D23F4A-209E-4AAA-B643-8764E4EF8271}.Debug|Any CPU.Build.0 = Debug|Any CPU
		{32D23F4A-209E-4AAA-B643-8764E4EF8271}.Release|Any CPU.ActiveCfg = Release|Any CPU
		{32D23F4A-209E-4AAA-B643-8764E4EF8271}.Release|Any CPU.Build.0 = Release|Any CPU
	EndGlobalSection
	GlobalSection(SolutionProperties) = preSolution
		HideSolutionNode = FALSE
	EndGlobalSection
	GlobalSection(NestedProjects) = preSolution
		{35718AE9-2A8A-468A-B50F-4123B5F6FC28} = {0B6F16B0-1DA2-4066-8275-7C8757AB75D0}
		{3E91E6CB-FCDF-4DFF-AF29-046484E937F9} = {0B6F16B0-1DA2-4066-8275-7C8757AB75D0}
		{32D23F4A-209E-4AAA-B643-8764E4EF8271} = {0B6F16B0-1DA2-4066-8275-7C8757AB75D0}
	EndGlobalSection
	GlobalSection(ExtensibilityGlobals) = postSolution
		SolutionGuid = {F3998ADF-C992-4DAD-835E-2E8F8B1B5B6C}
	EndGlobalSection
EndGlobal
